
Microsoft Visual Studio Solution File, Format Version 12.00
# Visual Studio Version 17
VisualStudioVersion = 17.4.33103.184
MinimumVisualStudioVersion = 10.0.40219.1
Project("{FAE04EC0-301F-11D3-BF4B-00C04F79EFBC}") = "DPBridgeProject", "DPBridgeProject\DPBridgeProject.csproj", "{4AC9725F-80F1-4937-8AE4-6B8322AC3329}"
EndProject
Global
	GlobalSection(SolutionConfigurationPlatforms) = preSolution
		Debug|Any CPU = Debug|Any CPU
		Release|Any CPU = Release|Any CPU
	EndGlobalSection
	GlobalSection(ProjectConfigurationPlatforms) = postSolution
		{4AC9725F-80F1-4937-8AE4-6B8322AC3329}.Debug|Any CPU.ActiveCfg = Debug|Any CPU
		{4AC9725F-80F1-4937-8AE4-6B8322AC3329}.Debug|Any CPU.Build.0 = Debug|Any CPU
		{4AC9725F-80F1-4937-8AE4-6B8322AC3329}.Release|Any CPU.ActiveCfg = Release|Any CPU
		{4AC9725F-80F1-4937-8AE4-6B8322AC3329}.Release|Any CPU.Build.0 = Release|Any CPU
	EndGlobalSection
	GlobalSection(SolutionProperties) = preSolution
		HideSolutionNode = FALSE
	EndGlobalSection
	GlobalSection(ExtensibilityGlobals) = postSolution
		SolutionGuid = {C1162986-18E6-4202-B4E3-99A6AC5E5498}
	EndGlobalSection
EndGlobal
